
Microsoft Visual Studio Solution File, Format Version 12.00
# Visual Studio 15
VisualStudioVersion = 15.0.28307.705
MinimumVisualStudioVersion = 10.0.40219.1
Project("{FAE04EC0-301F-11D3-BF4B-00C04F79EFBC}") = "TutorialsPointCSharp", "TutorialsPointCSharp\TutorialsPointCSharp.csproj", "{4A9C747E-3E30-42C2-918D-FBC9B0F096F1}"
EndProject
Global
	GlobalSection(SolutionConfigurationPlatforms) = preSolution
		Debug|Any CPU = Debug|Any CPU
		Release|Any CPU = Release|Any CPU
	EndGlobalSection
	GlobalSection(ProjectConfigurationPlatforms) = postSolution
		{4A9C747E-3E30-42C2-918D-FBC9B0F096F1}.Debug|Any CPU.ActiveCfg = Debug|Any CPU
		{4A9C747E-3E30-42C2-918D-FBC9B0F096F1}.Debug|Any CPU.Build.0 = Debug|Any CPU
		{4A9C747E-3E30-42C2-918D-FBC9B0F096F1}.Release|Any CPU.ActiveCfg = Release|Any CPU
		{4A9C747E-3E30-42C2-918D-FBC9B0F096F1}.Release|Any CPU.Build.0 = Release|Any CPU
	EndGlobalSection
	GlobalSection(SolutionProperties) = preSolution
		HideSolutionNode = FALSE
	EndGlobalSection
	GlobalSection(ExtensibilityGlobals) = postSolution
		SolutionGuid = {682A722D-EE49-40A1-97F5-8DC39ED56ACD}
	EndGlobalSection
EndGlobal
